{
  "requires": true,
  "lockfileVersion": 1,
  "dependencies": {
    "jqeury": {
      "version": "0.0.1-security",
      "resolved": "https://registry.npm.taobao.org/jqeury/download/jqeury-0.0.1-security.tgz",
      "integrity": "sha1-fpeaUHNQf7CYx9Sl7VROXTpniIc="
    },
    "jquery": {
      "version": "3.5.1",
      "resolved": "https://registry.npm.taobao.org/jquery/download/jquery-3.5.1.tgz",
      "integrity": "sha1-17TQjhv9uGrS8aPQOeoXMEcXq7U="
    }
  }
}
